// !$*UTF8*$!
{
	archiveVersion = 1;
	classes = {
	};
	objectVersion = 56;
	objects = {

/* Begin PBXBuildFile section */
		020673E12B04C977000894E9 /* AppDelegate.swift in Sources */ = {isa = PBXBuildFile; fileRef = 020673E02B04C977000894E9 /* AppDelegate.swift */; };
		020673E32B04C977000894E9 /* SceneDelegate.swift in Sources */ = {isa = PBXBuildFile; fileRef = 020673E22B04C977000894E9 /* SceneDelegate.swift */; };
		020673E52B04C977000894E9 /* ViewController.swift in Sources */ = {isa = PBXBuildFile; fileRef = 020673E42B04C977000894E9 /* ViewController.swift */; };
		020673E82B04C977000894E9 /* Main.storyboard in Resources */ = {isa = PBXBuildFile; fileRef = 020673E62B04C977000894E9 /* Main.storyboard */; };
		020673EA2B04C978000894E9 /* Assets.xcassets in Resources */ = {isa = PBXBuildFile; fileRef = 020673E92B04C978000894E9 /* Assets.xcassets */; };
		020673ED2B04C978000894E9 /* LaunchScreen.storyboard in Resources */ = {isa = PBXBuildFile; fileRef = 020673EB2B04C978000894E9 /* LaunchScreen.storyboard */; };
		028FBDFD2B0DF4F30085368D /* GCAuthManager.swift in Sources */ = {isa = PBXBuildFile; fileRef = 028FBDFC2B0DF4F30085368D /* GCAuthManager.swift */; };
		F2D19A1C6449D61370BFCC64 /* Pods_gc_auth_ios.framework in Frameworks */ = {isa = PBXBuildFile; fileRef = 2148DB3442D498D89FCDA1AE /* Pods_gc_auth_ios.framework */; };
/* End PBXBuildFile section */

/* Begin PBXFileReference section */
		020673DD2B04C977000894E9 /* gc-auth-ios.app */ = {isa = PBXFileReference; explicitFileType = wrapper.application; includeInIndex = 0; path = "gc-auth-ios.app"; sourceTree = BUILT_PRODUCTS_DIR; };
		020673E02B04C977000894E9 /* AppDelegate.swift */ = {isa = PBXFileReference; lastKnownFileType = sourcecode.swift; path = AppDelegate.swift; sourceTree = "<group>"; };
		020673E22B04C977000894E9 /* SceneDelegate.swift */ = {isa = PBXFileReference; lastKnownFileType = sourcecode.swift; path = SceneDelegate.swift; sourceTree = "<group>"; };
		020673E42B04C977000894E9 /* ViewController.swift */ = {isa = PBXFileReference; lastKnownFileType = sourcecode.swift; path = ViewController.swift; sourceTree = "<group>"; };
		020673E72B04C977000894E9 /* Base */ = {isa = PBXFileReference; lastKnownFileType = file.storyboard; name = Base; path = Base.lproj/Main.storyboard; sourceTree = "<group>"; };
		020673E92B04C978000894E9 /* Assets.xcassets */ = {isa = PBXFileReference; lastKnownFileType = folder.assetcatalog; path = Assets.xcassets; sourceTree = "<group>"; };
		020673EC2B04C978000894E9 /* Base */ = {isa = PBXFileReference; lastKnownFileType = file.storyboard; name = Base; path = Base.lproj/LaunchScreen.storyboard; sourceTree = "<group>"; };
		020673EE2B04C978000894E9 /* Info.plist */ = {isa = PBXFileReference; lastKnownFileType = text.plist.xml; path = Info.plist; sourceTree = "<group>"; };
		028FBDFC2B0DF4F30085368D /* GCAuthManager.swift */ = {isa = PBXFileReference; lastKnownFileType = sourcecode.swift; path = GCAuthManager.swift; sourceTree = "<group>"; };
		029428C12B04E61D0073A8D0 /* Development.xcconfig */ = {isa = PBXFileReference; lastKnownFileType = text.xcconfig; path = Development.xcconfig; sourceTree = "<group>"; };
		2148DB3442D498D89FCDA1AE /* Pods_gc_auth_ios.framework */ = {isa = PBXFileReference; explicitFileType = wrapper.framework; includeInIndex = 0; path = Pods_gc_auth_ios.framework; sourceTree = BUILT_PRODUCTS_DIR; };
		9CE3A4BDD088ADAD2C1FCD56 /* Pods-gc-auth-ios.debug.xcconfig */ = {isa = PBXFileReference; includeInIndex = 1; lastKnownFileType = text.xcconfig; name = "Pods-gc-auth-ios.debug.xcconfig"; path = "Target Support Files/Pods-gc-auth-ios/Pods-gc-auth-ios.debug.xcconfig"; sourceTree = "<group>"; };
		BDF1BA17DA42357E10C8DF85 /* Pods-gc-auth-ios.release.xcconfig */ = {isa = PBXFileReference; includeInIndex = 1; lastKnownFileType = text.xcconfig; name = "Pods-gc-auth-ios.release.xcconfig"; path = "Target Support Files/Pods-gc-auth-ios/Pods-gc-auth-ios.release.xcconfig"; sourceTree = "<group>"; };
/* End PBXFileReference section */

/* Begin PBXFrameworksBuildPhase section */
		020673DA2B04C976000894E9 /* Frameworks */ = {
			isa = PBXFrameworksBuildPhase;
			buildActionMask = 2147483647;
			files = (
				F2D19A1C6449D61370BFCC64 /* Pods_gc_auth_ios.framework in Frameworks */,
			);
			runOnlyForDeploymentPostprocessing = 0;
		};
/* End PBXFrameworksBuildPhase section */

/* Begin PBXGroup section */
		00A8E3A94DC4F4A9A3395722 /* Frameworks */ = {
			isa = PBXGroup;
			children = (
				2148DB3442D498D89FCDA1AE /* Pods_gc_auth_ios.framework */,
			);
			name = Frameworks;
			sourceTree = "<group>";
		};
		020673D42B04C976000894E9 = {
			isa = PBXGroup;
			children = (
				029428C02B04E6050073A8D0 /* gc-auth-config */,
				020673DF2B04C977000894E9 /* gc-auth-ios */,
				020673DE2B04C977000894E9 /* Products */,
				3E70E85AB1FA0BE3D884B0F7 /* Pods */,
				00A8E3A94DC4F4A9A3395722 /* Frameworks */,
			);
			sourceTree = "<group>";
		};
		020673DE2B04C977000894E9 /* Products */ = {
			isa = PBXGroup;
			children = (
				020673DD2B04C977000894E9 /* gc-auth-ios.app */,
			);
			name = Products;
			sourceTree = "<group>";
		};
		020673DF2B04C977000894E9 /* gc-auth-ios */ = {
			isa = PBXGroup;
			children = (
				020673E02B04C977000894E9 /* AppDelegate.swift */,
				020673E22B04C977000894E9 /* SceneDelegate.swift */,
				020673E42B04C977000894E9 /* ViewController.swift */,
				020673E62B04C977000894E9 /* Main.storyboard */,
				020673E92B04C978000894E9 /* Assets.xcassets */,
				020673EB2B04C978000894E9 /* LaunchScreen.storyboard */,
				020673EE2B04C978000894E9 /* Info.plist */,
				028FBDFC2B0DF4F30085368D /* GCAuthManager.swift */,
			);
			path = "gc-auth-ios";
			sourceTree = "<group>";
		};
		029428C02B04E6050073A8D0 /* gc-auth-config */ = {
			isa = PBXGroup;
			children = (
				029428C12B04E61D0073A8D0 /* Development.xcconfig */,
			);
			path = "gc-auth-config";
			sourceTree = "<group>";
		};
		3E70E85AB1FA0BE3D884B0F7 /* Pods */ = {
			isa = PBXGroup;
			children = (
				9CE3A4BDD088ADAD2C1FCD56 /* Pods-gc-auth-ios.debug.xcconfig */,
				BDF1BA17DA42357E10C8DF85 /* Pods-gc-auth-ios.release.xcconfig */,
			);
			name = Pods;
			path = Pods;
			sourceTree = "<group>";
		};
/* End PBXGroup section */

/* Begin PBXNativeTarget section */
		020673DC2B04C976000894E9 /* gc-auth-ios */ = {
			isa = PBXNativeTarget;
			buildConfigurationList = 020673F12B04C978000894E9 /* Build configuration list for PBXNativeTarget "gc-auth-ios" */;
			buildPhases = (
				1F9C2D4C4470B7438FF3E709 /* [CP] Check Pods Manifest.lock */,
				020673D92B04C976000894E9 /* Sources */,
				020673DA2B04C976000894E9 /* Frameworks */,
				020673DB2B04C976000894E9 /* Resources */,
				213ED84E94994E3EF796DC37 /* [CP] Embed Pods Frameworks */,
			);
			buildRules = (
			);
			dependencies = (
			);
			name = "gc-auth-ios";
			productName = "gc-auth-ios";
			productReference = 020673DD2B04C977000894E9 /* gc-auth-ios.app */;
			productType = "com.apple.product-type.application";
		};
/* End PBXNativeTarget section */

/* Begin PBXProject section */
		020673D52B04C976000894E9 /* Project object */ = {
			isa = PBXProject;
			attributes = {
				BuildIndependentTargetsInParallel = 1;
				LastSwiftUpdateCheck = 1500;
				LastUpgradeCheck = 1500;
				TargetAttributes = {
					020673DC2B04C976000894E9 = {
						CreatedOnToolsVersion = 15.0.1;
					};
				};
			};
			buildConfigurationList = 020673D82B04C976000894E9 /* Build configuration list for PBXProject "gc-auth-ios" */;
			compatibilityVersion = "Xcode 14.0";
			developmentRegion = en;
			hasScannedForEncodings = 0;
			knownRegions = (
				en,
				Base,
			);
			mainGroup = 020673D42B04C976000894E9;
			productRefGroup = 020673DE2B04C977000894E9 /* Products */;
			projectDirPath = "";
			projectRoot = "";
			targets = (
				020673DC2B04C976000894E9 /* gc-auth-ios */,
			);
		};
/* End PBXProject section */

/* Begin PBXResourcesBuildPhase section */
		020673DB2B04C976000894E9 /* Resources */ = {
			isa = PBXResourcesBuildPhase;
			buildActionMask = 2147483647;
			files = (
				020673ED2B04C978000894E9 /* LaunchScreen.storyboard in Resources */,
				020673EA2B04C978000894E9 /* Assets.xcassets in Resources */,
				020673E82B04C977000894E9 /* Main.storyboard in Resources */,
			);
			runOnlyForDeploymentPostprocessing = 0;
		};
/* End PBXResourcesBuildPhase section */

/* Begin PBXShellScriptBuildPhase section */
		1F9C2D4C4470B7438FF3E709 /* [CP] Check Pods Manifest.lock */ = {
			isa = PBXShellScriptBuildPhase;
			buildActionMask = 2147483647;
			files = (
			);
			inputFileListPaths = (
			);
			inputPaths = (
				"${PODS_PODFILE_DIR_PATH}/Podfile.lock",
				"${PODS_ROOT}/Manifest.lock",
			);
			name = "[CP] Check Pods Manifest.lock";
			outputFileListPaths = (
			);
			outputPaths = (
				"$(DERIVED_FILE_DIR)/Pods-gc-auth-ios-checkManifestLockResult.txt",
			);
			runOnlyForDeploymentPostprocessing = 0;
			shellPath = /bin/sh;
			shellScript = "diff \"${PODS_PODFILE_DIR_PATH}/Podfile.lock\" \"${PODS_ROOT}/Manifest.lock\" > /dev/null\nif [ $? != 0 ] ; then\n    # print error to STDERR\n    echo \"error: The sandbox is not in sync with the Podfile.lock. Run 'pod install' or update your CocoaPods installation.\" >&2\n    exit 1\nfi\n# This output is used by Xcode 'outputs' to avoid re-running this script phase.\necho \"SUCCESS\" > \"${SCRIPT_OUTPUT_FILE_0}\"\n";
			showEnvVarsInLog = 0;
		};
		213ED84E94994E3EF796DC37 /* [CP] Embed Pods Frameworks */ = {
			isa = PBXShellScriptBuildPhase;
			buildActionMask = 2147483647;
			files = (
			);
			inputFileListPaths = (
				"${PODS_ROOT}/Target Support Files/Pods-gc-auth-ios/Pods-gc-auth-ios-frameworks-${CONFIGURATION}-input-files.xcfilelist",
			);
			name = "[CP] Embed Pods Frameworks";
			outputFileListPaths = (
				"${PODS_ROOT}/Target Support Files/Pods-gc-auth-ios/Pods-gc-auth-ios-frameworks-${CONFIGURATION}-output-files.xcfilelist",
			);
			runOnlyForDeploymentPostprocessing = 0;
			shellPath = /bin/sh;
			shellScript = "\"${PODS_ROOT}/Target Support Files/Pods-gc-auth-ios/Pods-gc-auth-ios-frameworks.sh\"\n";
			showEnvVarsInLog = 0;
		};
/* End PBXShellScriptBuildPhase section */

/* Begin PBXSourcesBuildPhase section */
		020673D92B04C976000894E9 /* Sources */ = {
			isa = PBXSourcesBuildPhase;
			buildActionMask = 2147483647;
			files = (
				020673E52B04C977000894E9 /* ViewController.swift in Sources */,
				028FBDFD2B0DF4F30085368D /* GCAuthManager.swift in Sources */,
				020673E12B04C977000894E9 /* AppDelegate.swift in Sources */,
				020673E32B04C977000894E9 /* SceneDelegate.swift in Sources */,
			);
			runOnlyForDeploymentPostprocessing = 0;
		};
/* End PBXSourcesBuildPhase section */

/* Begin PBXVariantGroup section */
		020673E62B04C977000894E9 /* Main.storyboard */ = {
			isa = PBXVariantGroup;
			children = (
				020673E72B04C977000894E9 /* Base */,
			);
			name = Main.storyboard;
			sourceTree = "<group>";
		};
		020673EB2B04C978000894E9 /* LaunchScreen.storyboard */ = {
			isa = PBXVariantGroup;
			children = (
				020673EC2B04C978000894E9 /* Base */,
			);
			name = LaunchScreen.storyboard;
			sourceTree = "<group>";
		};
/* End PBXVariantGroup section */

/* Begin XCBuildConfiguration section */
		020673EF2B04C978000894E9 /* Debug */ = {
			isa = XCBuildConfiguration;
			buildSettings = {
				ALWAYS_SEARCH_USER_PATHS = NO;
				ASSETCATALOG_COMPILER_GENERATE_SWIFT_ASSET_SYMBOL_EXTENSIONS = YES;
				CLANG_ANALYZER_NONNULL = YES;
				CLANG_ANALYZER_NUMBER_OBJECT_CONVERSION = YES_AGGRESSIVE;
				CLANG_CXX_LANGUAGE_STANDARD = "gnu++20";
				CLANG_ENABLE_MODULES = YES;
				CLANG_ENABLE_OBJC_ARC = YES;
				CLANG_ENABLE_OBJC_WEAK = YES;
				CLANG_WARN_BLOCK_CAPTURE_AUTORELEASING = YES;
				CLANG_WARN_BOOL_CONVERSION = YES;
				CLANG_WARN_COMMA = YES;
				CLANG_WARN_CONSTANT_CONVERSION = YES;
				CLANG_WARN_DEPRECATED_OBJC_IMPLEMENTATIONS = YES;
				CLANG_WARN_DIRECT_OBJC_ISA_USAGE = YES_ERROR;
				CLANG_WARN_DOCUMENTATION_COMMENTS = YES;
				CLANG_WARN_EMPTY_BODY = YES;
				CLANG_WARN_ENUM_CONVERSION = YES;
				CLANG_WARN_INFINITE_RECURSION = YES;
				CLANG_WARN_INT_CONVERSION = YES;
				CLANG_WARN_NON_LITERAL_NULL_CONVERSION = YES;
				CLANG_WARN_OBJC_IMPLICIT_RETAIN_SELF = YES;
				CLANG_WARN_OBJC_LITERAL_CONVERSION = YES;
				CLANG_WARN_OBJC_ROOT_CLASS = YES_ERROR;
				CLANG_WARN_QUOTED_INCLUDE_IN_FRAMEWORK_HEADER = YES;
				CLANG_WARN_RANGE_LOOP_ANALYSIS = YES;
				CLANG_WARN_STRICT_PROTOTYPES = YES;
				CLANG_WARN_SUSPICIOUS_MOVE = YES;
				CLANG_WARN_UNGUARDED_AVAILABILITY = YES_AGGRESSIVE;
				CLANG_WARN_UNREACHABLE_CODE = YES;
				CLANG_WARN__DUPLICATE_METHOD_MATCH = YES;
				COPY_PHASE_STRIP = NO;
				DEBUG_INFORMATION_FORMAT = dwarf;
				ENABLE_STRICT_OBJC_MSGSEND = YES;
				ENABLE_TESTABILITY = YES;
				ENABLE_USER_SCRIPT_SANDBOXING = YES;
				GCC_C_LANGUAGE_STANDARD = gnu17;
				GCC_DYNAMIC_NO_PIC = NO;
				GCC_NO_COMMON_BLOCKS = YES;
				GCC_OPTIMIZATION_LEVEL = 0;
				GCC_PREPROCESSOR_DEFINITIONS = (
					"DEBUG=1",
					"$(inherited)",
				);
				GCC_WARN_64_TO_32_BIT_CONVERSION = YES;
				GCC_WARN_ABOUT_RETURN_TYPE = YES_ERROR;
				GCC_WARN_UNDECLARED_SELECTOR = YES;
				GCC_WARN_UNINITIALIZED_AUTOS = YES_AGGRESSIVE;
				GCC_WARN_UNUSED_FUNCTION = YES;
				GCC_WARN_UNUSED_VARIABLE = YES;
				IPHONEOS_DEPLOYMENT_TARGET = 16.2;
				LOCALIZATION_PREFERS_STRING_CATALOGS = YES;
				MTL_ENABLE_DEBUG_INFO = INCLUDE_SOURCE;
				MTL_FAST_MATH = YES;
				ONLY_ACTIVE_ARCH = YES;
				SDKROOT = iphoneos;
				SWIFT_ACTIVE_COMPILATION_CONDITIONS = "DEBUG $(inherited)";
				SWIFT_OPTIMIZATION_LEVEL = "-Onone";
			};
			name = Debug;
		};
		020673F02B04C978000894E9 /* Release */ = {
			isa = XCBuildConfiguration;
			buildSettings = {
				ALWAYS_SEARCH_USER_PATHS = NO;
				ASSETCATALOG_COMPILER_GENERATE_SWIFT_ASSET_SYMBOL_EXTENSIONS = YES;
				CLANG_ANALYZER_NONNULL = YES;
				CLANG_ANALYZER_NUMBER_OBJECT_CONVERSION = YES_AGGRESSIVE;
				CLANG_CXX_LANGUAGE_STANDARD = "gnu++20";
				CLANG_ENABLE_MODULES = YES;
				CLANG_ENABLE_OBJC_ARC = YES;
				CLANG_ENABLE_OBJC_WEAK = YES;
				CLANG_WARN_BLOCK_CAPTURE_AUTORELEASING = YES;
				CLANG_WARN_BOOL_CONVERSION = YES;
				CLANG_WARN_COMMA = YES;
				CLANG_WARN_CONSTANT_CONVERSION = YES;
				CLANG_WARN_DEPRECATED_OBJC_IMPLEMENTATIONS = YES;
				CLANG_WARN_DIRECT_OBJC_ISA_USAGE = YES_ERROR;
				CLANG_WARN_DOCUMENTATION_COMMENTS = YES;
				CLANG_WARN_EMPTY_BODY = YES;
				CLANG_WARN_ENUM_CONVERSION = YES;
				CLANG_WARN_INFINITE_RECURSION = YES;
				CLANG_WARN_INT_CONVERSION = YES;
				CLANG_WARN_NON_LITERAL_NULL_CONVERSION = YES;
				CLANG_WARN_OBJC_IMPLICIT_RETAIN_SELF = YES;
				CLANG_WARN_OBJC_LITERAL_CONVERSION = YES;
				CLANG_WARN_OBJC_ROOT_CLASS = YES_ERROR;
				CLANG_WARN_QUOTED_INCLUDE_IN_FRAMEWORK_HEADER = YES;
				CLANG_WARN_RANGE_LOOP_ANALYSIS = YES;
				CLANG_WARN_STRICT_PROTOTYPES = YES;
				CLANG_WARN_SUSPICIOUS_MOVE = YES;
				CLANG_WARN_UNGUARDED_AVAILABILITY = YES_AGGRESSIVE;
				CLANG_WARN_UNREACHABLE_CODE = YES;
				CLANG_WARN__DUPLICATE_METHOD_MATCH = YES;
				COPY_PHASE_STRIP = NO;
				DEBUG_INFORMATION_FORMAT = "dwarf-with-dsym";
				ENABLE_NS_ASSERTIONS = NO;
				ENABLE_STRICT_OBJC_MSGSEND = YES;
				ENABLE_USER_SCRIPT_SANDBOXING = YES;
				GCC_C_LANGUAGE_STANDARD = gnu17;
				GCC_NO_COMMON_BLOCKS = YES;
				GCC_WARN_64_TO_32_BIT_CONVERSION = YES;
				GCC_WARN_ABOUT_RETURN_TYPE = YES_ERROR;
				GCC_WARN_UNDECLARED_SELECTOR = YES;
				GCC_WARN_UNINITIALIZED_AUTOS = YES_AGGRESSIVE;
				GCC_WARN_UNUSED_FUNCTION = YES;
				GCC_WARN_UNUSED_VARIABLE = YES;
				IPHONEOS_DEPLOYMENT_TARGET = 16.2;
				LOCALIZATION_PREFERS_STRING_CATALOGS = YES;
				MTL_ENABLE_DEBUG_INFO = NO;
				MTL_FAST_MATH = YES;
				SDKROOT = iphoneos;
				SWIFT_COMPILATION_MODE = wholemodule;
				VALIDATE_PRODUCT = YES;
			};
			name = Release;
		};
		020673F22B04C978000894E9 /* Debug */ = {
			isa = XCBuildConfiguration;
			baseConfigurationReference = 029428C12B04E61D0073A8D0 /* Development.xcconfig */;
			buildSettings = {
				ASSETCATALOG_COMPILER_APPICON_NAME = AppIcon;
				ASSETCATALOG_COMPILER_GLOBAL_ACCENT_COLOR_NAME = AccentColor;
				CODE_SIGN_STYLE = Automatic;
				CURRENT_PROJECT_VERSION = 1;
				ENABLE_USER_SCRIPT_SANDBOXING = NO;
				GENERATE_INFOPLIST_FILE = YES;
				INFOPLIST_FILE = "gc-auth-ios/Info.plist";
				INFOPLIST_KEY_CFBundleDisplayName = "Genesys Cloud iOs Implicit Grant Auth";
				INFOPLIST_KEY_UIApplicationSupportsIndirectInputEvents = YES;
				INFOPLIST_KEY_UILaunchStoryboardName = LaunchScreen;
				INFOPLIST_KEY_UIMainStoryboardFile = Main;
				INFOPLIST_KEY_UISupportedInterfaceOrientations_iPad = "UIInterfaceOrientationPortrait UIInterfaceOrientationPortraitUpsideDown UIInterfaceOrientationLandscapeLeft UIInterfaceOrientationLandscapeRight";
				INFOPLIST_KEY_UISupportedInterfaceOrientations_iPhone = "UIInterfaceOrientationPortrait UIInterfaceOrientationLandscapeLeft UIInterfaceOrientationLandscapeRight";
				IPHONEOS_DEPLOYMENT_TARGET = 16.2;
				LD_RUNPATH_SEARCH_PATHS = (
					"$(inherited)",
					"@executable_path/Frameworks",
				);
				MARKETING_VERSION = 1.0;
				PRODUCT_BUNDLE_IDENTIFIER = "group.genesys.gc-auth-ios";
				PRODUCT_NAME = "$(TARGET_NAME)";
				SWIFT_EMIT_LOC_STRINGS = YES;
				SWIFT_VERSION = 5.0;
				TARGETED_DEVICE_FAMILY = "1,2";
			};
			name = Debug;
		};
		020673F32B04C978000894E9 /* Release */ = {
			isa = XCBuildConfiguration;
			baseConfigurationReference = BDF1BA17DA42357E10C8DF85 /* Pods-gc-auth-ios.release.xcconfig */;
			buildSettings = {
				ASSETCATALOG_COMPILER_APPICON_NAME = AppIcon;
				ASSETCATALOG_COMPILER_GLOBAL_ACCENT_COLOR_NAME = AccentColor;
				CODE_SIGN_STYLE = Automatic;
				CURRENT_PROJECT_VERSION = 1;
				ENABLE_USER_SCRIPT_SANDBOXING = NO;
				GENERATE_INFOPLIST_FILE = YES;
				INFOPLIST_FILE = "gc-auth-ios/Info.plist";
				INFOPLIST_KEY_CFBundleDisplayName = "Genesys Cloud iOs Implicit Grant Auth";
				INFOPLIST_KEY_UIApplicationSupportsIndirectInputEvents = YES;
				INFOPLIST_KEY_UILaunchStoryboardName = LaunchScreen;
				INFOPLIST_KEY_UIMainStoryboardFile = Main;
				INFOPLIST_KEY_UISupportedInterfaceOrientations_iPad = "UIInterfaceOrientationPortrait UIInterfaceOrientationPortraitUpsideDown UIInterfaceOrientationLandscapeLeft UIInterfaceOrientationLandscapeRight";
				INFOPLIST_KEY_UISupportedInterfaceOrientations_iPhone = "UIInterfaceOrientationPortrait UIInterfaceOrientationLandscapeLeft UIInterfaceOrientationLandscapeRight";
				IPHONEOS_DEPLOYMENT_TARGET = 16.2;
				LD_RUNPATH_SEARCH_PATHS = (
					"$(inherited)",
					"@executable_path/Frameworks",
				);
				MARKETING_VERSION = 1.0;
				PRODUCT_BUNDLE_IDENTIFIER = "group.genesys.gc-auth-ios";
				PRODUCT_NAME = "$(TARGET_NAME)";
				SWIFT_EMIT_LOC_STRINGS = YES;
				SWIFT_VERSION = 5.0;
				TARGETED_DEVICE_FAMILY = "1,2";
			};
			name = Release;
		};
/* End XCBuildConfiguration section */

/* Begin XCConfigurationList section */
		020673D82B04C976000894E9 /* Build configuration list for PBXProject "gc-auth-ios" */ = {
			isa = XCConfigurationList;
			buildConfigurations = (
				020673EF2B04C978000894E9 /* Debug */,
				020673F02B04C978000894E9 /* Release */,
			);
			defaultConfigurationIsVisible = 0;
			defaultConfigurationName = Release;
		};
		020673F12B04C978000894E9 /* Build configuration list for PBXNativeTarget "gc-auth-ios" */ = {
			isa = XCConfigurationList;
			buildConfigurations = (
				020673F22B04C978000894E9 /* Debug */,
				020673F32B04C978000894E9 /* Release */,
			);
			defaultConfigurationIsVisible = 0;
			defaultConfigurationName = Release;
		};
/* End XCConfigurationList section */
	};
	rootObject = 020673D52B04C976000894E9 /* Project object */;
}
